
Microsoft Visual Studio Solution File, Format Version 12.00
# Visual Studio Version 17
VisualStudioVersion = 17.4.33205.214
MinimumVisualStudioVersion = 10.0.40219.1
Project("{FAE04EC0-301F-11D3-BF4B-00C04F79EFBC}") = "ConsoleDockerStarter", "ConsoleDockerStarter\ConsoleDockerStarter.csproj", "{37924D22-8EC7-47FB-878D-AD4495B4BFBF}"
EndProject
Global
	GlobalSection(SolutionConfigurationPlatforms) = preSolution
		Debug|Any CPU = Debug|Any CPU
		Release|Any CPU = Release|Any CPU
	EndGlobalSection
	GlobalSection(ProjectConfigurationPlatforms) = postSolution
		{37924D22-8EC7-47FB-878D-AD4495B4BFBF}.Debug|Any CPU.ActiveCfg = Debug|Any CPU
		{37924D22-8EC7-47FB-878D-AD4495B4BFBF}.Debug|Any CPU.Build.0 = Debug|Any CPU
		{37924D22-8EC7-47FB-878D-AD4495B4BFBF}.Release|Any CPU.ActiveCfg = Release|Any CPU
		{37924D22-8EC7-47FB-878D-AD4495B4BFBF}.Release|Any CPU.Build.0 = Release|Any CPU
	EndGlobalSection
	GlobalSection(SolutionProperties) = preSolution
		HideSolutionNode = FALSE
	EndGlobalSection
	GlobalSection(ExtensibilityGlobals) = postSolution
		SolutionGuid = {AA34DDFF-1E70-4E44-B75B-18911E914093}
	EndGlobalSection
EndGlobal
